# THIS IS AN AUTOGENERATED FILE. DO NOT EDIT THIS FILE DIRECTLY.
# yarn lockfile v1


react-script-tag@^1.1.2:
  version "1.1.2"
  resolved "https://registry.yarnpkg.com/react-script-tag/-/react-script-tag-1.1.2.tgz#be0fa3a22dfae8165d083f6bc1ff6f9799b20d44"
  integrity sha512-4oR9ntvGfX4igiP77vK310ru5Oa77xO7CeYB3Xi9lu0qsikpGpK1Kq1WMFocvy8U4fQFq8ovtrZS/8adfCziFw==
